
Microsoft Visual Studio Solution File, Format Version 12.00
# Visual Studio 15
VisualStudioVersion = 15.0.28307.852
MinimumVisualStudioVersion = 10.0.40219.1
Project("{F184B08F-C81C-45F6-A57F-5ABD9991F28F}") = "Customer_info", "Customer_info\Customer_info.vbproj", "{5AFABFE7-C7E9-466C-BDE6-E73F292840E3}"
EndProject
Global
	GlobalSection(SolutionConfigurationPlatforms) = preSolution
		Debug|Any CPU = Debug|Any CPU
		Release|Any CPU = Release|Any CPU
	EndGlobalSection
	GlobalSection(ProjectConfigurationPlatforms) = postSolution
		{5AFABFE7-C7E9-466C-BDE6-E73F292840E3}.Debug|Any CPU.ActiveCfg = Debug|Any CPU
		{5AFABFE7-C7E9-466C-BDE6-E73F292840E3}.Debug|Any CPU.Build.0 = Debug|Any CPU
		{5AFABFE7-C7E9-466C-BDE6-E73F292840E3}.Release|Any CPU.ActiveCfg = Release|Any CPU
		{5AFABFE7-C7E9-466C-BDE6-E73F292840E3}.Release|Any CPU.Build.0 = Release|Any CPU
	EndGlobalSection
	GlobalSection(SolutionProperties) = preSolution
		HideSolutionNode = FALSE
	EndGlobalSection
	GlobalSection(ExtensibilityGlobals) = postSolution
		SolutionGuid = {87C31027-120F-4754-B2D5-126C01182C66}
	EndGlobalSection
EndGlobal
